github.com/caltechlibrary/dotpath v0.0.3 h1:E8aDD8vh+cmbCF4Pb+2yPnnrcROXtB3EE+EEPkRbTQk=
github.com/caltechlibrary/dotpath v0.0.3/go.mod h1:rAu0NPuhTaEa9szxXq92x/JmMmedjsEEdHl5uTxzzs0=
github.com/caltechlibrary/pairtree v1.0.2 h1:zcsFibPW7tBvjOvbxHzkE1CIPm0BxUCfQrLCa+bB5qc=
github.com/caltechlibrary/pairtree v1.0.2/go.mod h1:VZdWqmXgJ+tMxM37n/W+CjS8CQVPus+0ReFdRL10AS4=
