github.com/caltechlibrary/cli v0.0.16/go.mod h1:BVT+6d/QqcN4UApWR3ufjkkKj2O6+48B4G6iUpP8m38=
github.com/caltechlibrary/cli v0.0.18 h1:Z1NjhJ2ar2lWCFlA00wVDa5j0qnsL2XeI/qtgX2wOXU=
github.com/caltechlibrary/cli v0.0.18/go.mod h1:9crFPycCNeyTWautZ0t/YjaW8Clsr9uQZfq/SNNwhak=
github.com/caltechlibrary/dotpath v0.0.2/go.mod h1:PjkHwEouoEUa4FrmG0I50k8fs8wXmrLvazHYBIoW4eQ=
github.com/caltechlibrary/dotpath v0.0.3 h1:E8aDD8vh+cmbCF4Pb+2yPnnrcROXtB3EE+EEPkRbTQk=
github.com/caltechlibrary/dotpath v0.0.3/go.mod h1:rAu0NPuhTaEa9szxXq92x/JmMmedjsEEdHl5uTxzzs0=
github.com/caltechlibrary/namaste v1.0.1 h1:T3ySGlsVRDUC95Ye6it1/Ws05+zbXsgrFrXEbqLkyjM=
github.com/caltechlibrary/namaste v1.0.1/go.mod h1:lyxWeI4YoqJYaLyuEM96rOrAIcUM4Fu2j0zeQ06n+dw=
github.com/caltechlibrary/pairtree v0.0.4 h1:1ZkurCunbdh56o0jutiiUnQtrr299FDgRVQrQ+jnajY=
github.com/caltechlibrary/pairtree v0.0.4/go.mod h1:/jXnPrHnt0p7TnhWsD3YYJCsOqTmZZD3BgVxhdj/Wuk=
github.com/caltechlibrary/tmplfn v0.0.22 h1:MyXjR7zIk5sITbWSndzled1TbSPBo4vb4/E0g26EwWQ=
github.com/caltechlibrary/tmplfn v0.0.22/go.mod h1:cREA0HncoA3S3PNGZ37Ke6bMYsjWPhOiqSG0p35Gj2U=
