github.com/caltechlibrary/cli v0.0.16 h1:jgw6dZb3VDy9L5LrWWm1ieqHYAMKgcv+NF6osSj3YRM=
github.com/caltechlibrary/cli v0.0.16/go.mod h1:BVT+6d/QqcN4UApWR3ufjkkKj2O6+48B4G6iUpP8m38=
github.com/caltechlibrary/dotpath v0.0.2 h1:E3KHd5gNDSaHsbw2jG3XeEZvE2oZ6kRNIe5/+RGnwE8=
github.com/caltechlibrary/dotpath v0.0.2/go.mod h1:PjkHwEouoEUa4FrmG0I50k8fs8wXmrLvazHYBIoW4eQ=
github.com/caltechlibrary/namaste v0.0.6 h1:KljcVLjFcCsIRPGd1vbIUAzX0QtktMUK8MOEdKJWOC0=
github.com/caltechlibrary/namaste v0.0.6/go.mod h1:lyxWeI4YoqJYaLyuEM96rOrAIcUM4Fu2j0zeQ06n+dw=
github.com/caltechlibrary/pairtree v0.0.4 h1:1ZkurCunbdh56o0jutiiUnQtrr299FDgRVQrQ+jnajY=
github.com/caltechlibrary/pairtree v0.0.4/go.mod h1:/jXnPrHnt0p7TnhWsD3YYJCsOqTmZZD3BgVxhdj/Wuk=
github.com/caltechlibrary/tmplfn v0.0.21 h1:ZwYdmoPZZhaONXgVf93wgJnRJ9uESYgIMsw0edsafHY=
github.com/caltechlibrary/tmplfn v0.0.21/go.mod h1:TWdYP/x2Phg206b75YTA/oHHvDMrGMeOt7u5byMxWl4=
